
Microsoft Visual Studio Solution File, Format Version 12.00
# Visual Studio Version 17
VisualStudioVersion = 17.4.33122.133
MinimumVisualStudioVersion = 10.0.40219.1
Project("{FAE04EC0-301F-11D3-BF4B-00C04F79EFBC}") = "SuperHerosAPIDotNet7", "SuperHerosAPIDotNet7\SuperHerosAPIDotNet7.csproj", "{1E4C04D9-A06B-4C56-A725-21BAEAF45883}"
EndProject
Global
	GlobalSection(SolutionConfigurationPlatforms) = preSolution
		Debug|Any CPU = Debug|Any CPU
		Release|Any CPU = Release|Any CPU
	EndGlobalSection
	GlobalSection(ProjectConfigurationPlatforms) = postSolution
		{1E4C04D9-A06B-4C56-A725-21BAEAF45883}.Debug|Any CPU.ActiveCfg = Debug|Any CPU
		{1E4C04D9-A06B-4C56-A725-21BAEAF45883}.Debug|Any CPU.Build.0 = Debug|Any CPU
		{1E4C04D9-A06B-4C56-A725-21BAEAF45883}.Release|Any CPU.ActiveCfg = Release|Any CPU
		{1E4C04D9-A06B-4C56-A725-21BAEAF45883}.Release|Any CPU.Build.0 = Release|Any CPU
	EndGlobalSection
	GlobalSection(SolutionProperties) = preSolution
		HideSolutionNode = FALSE
	EndGlobalSection
	GlobalSection(ExtensibilityGlobals) = postSolution
		SolutionGuid = {77FA90B5-F2E4-4623-9A57-B079FF3DB795}
	EndGlobalSection
EndGlobal
